
Microsoft Visual Studio Solution File, Format Version 12.00
# Visual Studio Version 17
VisualStudioVersion = 17.13.35828.75 d17.13
MinimumVisualStudioVersion = 10.0.40219.1
Project("{FAE04EC0-301F-11D3-BF4B-00C04F79EFBC}") = "VidHub", "VidHub\VidHub.csproj", "{BCCF751D-E849-4A25-9E5E-922C4E3343EC}"
EndProject
Global
	GlobalSection(SolutionConfigurationPlatforms) = preSolution
		Debug|Any CPU = Debug|Any CPU
		Release|Any CPU = Release|Any CPU
	EndGlobalSection
	GlobalSection(ProjectConfigurationPlatforms) = postSolution
		{BCCF751D-E849-4A25-9E5E-922C4E3343EC}.Debug|Any CPU.ActiveCfg = Debug|Any CPU
		{BCCF751D-E849-4A25-9E5E-922C4E3343EC}.Debug|Any CPU.Build.0 = Debug|Any CPU
		{BCCF751D-E849-4A25-9E5E-922C4E3343EC}.Release|Any CPU.ActiveCfg = Release|Any CPU
		{BCCF751D-E849-4A25-9E5E-922C4E3343EC}.Release|Any CPU.Build.0 = Release|Any CPU
	EndGlobalSection
	GlobalSection(SolutionProperties) = preSolution
		HideSolutionNode = FALSE
	EndGlobalSection
	GlobalSection(ExtensibilityGlobals) = postSolution
		SolutionGuid = {7793C813-9AE5-41F2-A032-298CADC3DEF2}
	EndGlobalSection
EndGlobal
